// !$*UTF8*$!
{
	archiveVersion = 1;
	classes = {
	};
	objectVersion = 46;
	objects = {

/* Begin PBXBuildFile section */
		FBA86F1D1D61D0BE00B73C47 /* main.m in Sources */ = {isa = PBXBuildFile; fileRef = FBA86F1C1D61D0BE00B73C47 /* main.m */; };
		FBA86F201D61D0BE00B73C47 /* AppDelegate.m in Sources */ = {isa = PBXBuildFile; fileRef = FBA86F1F1D61D0BE00B73C47 /* AppDelegate.m */; };
		FBA86F231D61D0BE00B73C47 /* ViewController.m in Sources */ = {isa = PBXBuildFile; fileRef = FBA86F221D61D0BE00B73C47 /* ViewController.m */; };
		FBA86F261D61D0BE00B73C47 /* Main.storyboard in Resources */ = {isa = PBXBuildFile; fileRef = FBA86F241D61D0BE00B73C47 /* Main.storyboard */; };
		FBA86F291D61D0BE00B73C47 /* ToDo_List.xcdatamodeld in Sources */ = {isa = PBXBuildFile; fileRef = FBA86F271D61D0BE00B73C47 /* ToDo_List.xcdatamodeld */; };
		FBA86F2B1D61D0BE00B73C47 /* Assets.xcassets in Resources */ = {isa = PBXBuildFile; fileRef = FBA86F2A1D61D0BE00B73C47 /* Assets.xcassets */; };
		FBA86F2E1D61D0BE00B73C47 /* LaunchScreen.storyboard in Resources */ = {isa = PBXBuildFile; fileRef = FBA86F2C1D61D0BE00B73C47 /* LaunchScreen.storyboard */; };
/* End PBXBuildFile section */

/* Begin PBXFileReference section */
		FBA86F181D61D0BE00B73C47 /* ToDo List.app */ = {isa = PBXFileReference; explicitFileType = wrapper.application; includeInIndex = 0; path = "ToDo List.app"; sourceTree = BUILT_PRODUCTS_DIR; };
		FBA86F1C1D61D0BE00B73C47 /* main.m */ = {isa = PBXFileReference; lastKnownFileType = sourcecode.c.objc; path = main.m; sourceTree = "<group>"; };
		FBA86F1E1D61D0BE00B73C47 /* AppDelegate.h */ = {isa = PBXFileReference; lastKnownFileType = sourcecode.c.h; path = AppDelegate.h; sourceTree = "<group>"; };
		FBA86F1F1D61D0BE00B73C47 /* AppDelegate.m */ = {isa = PBXFileReference; lastKnownFileType = sourcecode.c.objc; path = AppDelegate.m; sourceTree = "<group>"; };
		FBA86F211D61D0BE00B73C47 /* ViewController.h */ = {isa = PBXFileReference; lastKnownFileType = sourcecode.c.h; path = ViewController.h; sourceTree = "<group>"; };
		FBA86F221D61D0BE00B73C47 /* ViewController.m */ = {isa = PBXFileReference; lastKnownFileType = sourcecode.c.objc; path = ViewController.m; sourceTree = "<group>"; };
		FBA86F251D61D0BE00B73C47 /* Base */ = {isa = PBXFileReference; lastKnownFileType = file.storyboard; name = Base; path = Base.lproj/Main.storyboard; sourceTree = "<group>"; };
		FBA86F281D61D0BE00B73C47 /* ToDo_List.xcdatamodel */ = {isa = PBXFileReference; lastKnownFileType = wrapper.xcdatamodel; path = ToDo_List.xcdatamodel; sourceTree = "<group>"; };
		FBA86F2A1D61D0BE00B73C47 /* Assets.xcassets */ = {isa = PBXFileReference; lastKnownFileType = folder.assetcatalog; path = Assets.xcassets; sourceTree = "<group>"; };
		FBA86F2D1D61D0BE00B73C47 /* Base */ = {isa = PBXFileReference; lastKnownFileType = file.storyboard; name = Base; path = Base.lproj/LaunchScreen.storyboard; sourceTree = "<group>"; };
		FBA86F2F1D61D0BE00B73C47 /* Info.plist */ = {isa = PBXFileReference; lastKnownFileType = text.plist.xml; path = Info.plist; sourceTree = "<group>"; };
/* End PBXFileReference section */

/* Begin PBXFrameworksBuildPhase section */
		FBA86F151D61D0BE00B73C47 /* Frameworks */ = {
			isa = PBXFrameworksBuildPhase;
			buildActionMask = 2147483647;
			files = (
			);
			runOnlyForDeploymentPostprocessing = 0;
		};
/* End PBXFrameworksBuildPhase section */

/* Begin PBXGroup section */
		FBA86F0F1D61D0BE00B73C47 = {
			isa = PBXGroup;
			children = (
				FBA86F1A1D61D0BE00B73C47 /* ToDo List */,
				FBA86F191D61D0BE00B73C47 /* Products */,
			);
			sourceTree = "<group>";
		};
		FBA86F191D61D0BE00B73C47 /* Products */ = {
			isa = PBXGroup;
			children = (
				FBA86F181D61D0BE00B73C47 /* ToDo List.app */,
			);
			name = Products;
			sourceTree = "<group>";
		};
		FBA86F1A1D61D0BE00B73C47 /* ToDo List */ = {
			isa = PBXGroup;
			children = (
				FBA86F1E1D61D0BE00B73C47 /* AppDelegate.h */,
				FBA86F1F1D61D0BE00B73C47 /* AppDelegate.m */,
				FBA86F211D61D0BE00B73C47 /* ViewController.h */,
				FBA86F221D61D0BE00B73C47 /* ViewController.m */,
				FBA86F241D61D0BE00B73C47 /* Main.storyboard */,
				FBA86F2A1D61D0BE00B73C47 /* Assets.xcassets */,
				FBA86F2C1D61D0BE00B73C47 /* LaunchScreen.storyboard */,
				FBA86F2F1D61D0BE00B73C47 /* Info.plist */,
				FBA86F271D61D0BE00B73C47 /* ToDo_List.xcdatamodeld */,
				FBA86F1B1D61D0BE00B73C47 /* Supporting Files */,
			);
			path = "ToDo List";
			sourceTree = "<group>";
		};
		FBA86F1B1D61D0BE00B73C47 /* Supporting Files */ = {
			isa = PBXGroup;
			children = (
				FBA86F1C1D61D0BE00B73C47 /* main.m */,
			);
			name = "Supporting Files";
			sourceTree = "<group>";
		};
/* End PBXGroup section */

/* Begin PBXNativeTarget section */
		FBA86F171D61D0BE00B73C47 /* ToDo List */ = {
			isa = PBXNativeTarget;
			buildConfigurationList = FBA86F321D61D0BE00B73C47 /* Build configuration list for PBXNativeTarget "ToDo List" */;
			buildPhases = (
				FBA86F141D61D0BE00B73C47 /* Sources */,
				FBA86F151D61D0BE00B73C47 /* Frameworks */,
				FBA86F161D61D0BE00B73C47 /* Resources */,
			);
			buildRules = (
			);
			dependencies = (
			);
			name = "ToDo List";
			productName = "ToDo List";
			productReference = FBA86F181D61D0BE00B73C47 /* ToDo List.app */;
			productType = "com.apple.product-type.application";
		};
/* End PBXNativeTarget section */

/* Begin PBXProject section */
		FBA86F101D61D0BE00B73C47 /* Project object */ = {
			isa = PBXProject;
			attributes = {
				LastUpgradeCheck = 0730;
				ORGANIZATIONNAME = "Marius Ilie";
				TargetAttributes = {
					FBA86F171D61D0BE00B73C47 = {
						CreatedOnToolsVersion = 7.3.1;
					};
				};
			};
			buildConfigurationList = FBA86F131D61D0BE00B73C47 /* Build configuration list for PBXProject "ToDo List" */;
			compatibilityVersion = "Xcode 3.2";
			developmentRegion = English;
			hasScannedForEncodings = 0;
			knownRegions = (
				en,
				Base,
			);
			mainGroup = FBA86F0F1D61D0BE00B73C47;
			productRefGroup = FBA86F191D61D0BE00B73C47 /* Products */;
			projectDirPath = "";
			projectRoot = "";
			targets = (
				FBA86F171D61D0BE00B73C47 /* ToDo List */,
			);
		};
/* End PBXProject section */

/* Begin PBXResourcesBuildPhase section */
		FBA86F161D61D0BE00B73C47 /* Resources */ = {
			isa = PBXResourcesBuildPhase;
			buildActionMask = 2147483647;
			files = (
				FBA86F2E1D61D0BE00B73C47 /* LaunchScreen.storyboard in Resources */,
				FBA86F2B1D61D0BE00B73C47 /* Assets.xcassets in Resources */,
				FBA86F261D61D0BE00B73C47 /* Main.storyboard in Resources */,
			);
			runOnlyForDeploymentPostprocessing = 0;
		};
/* End PBXResourcesBuildPhase section */

/* Begin PBXSourcesBuildPhase section */
		FBA86F141D61D0BE00B73C47 /* Sources */ = {
			isa = PBXSourcesBuildPhase;
			buildActionMask = 2147483647;
			files = (
				FBA86F231D61D0BE00B73C47 /* ViewController.m in Sources */,
				FBA86F201D61D0BE00B73C47 /* AppDelegate.m in Sources */,
				FBA86F1D1D61D0BE00B73C47 /* main.m in Sources */,
				FBA86F291D61D0BE00B73C47 /* ToDo_List.xcdatamodeld in Sources */,
			);
			runOnlyForDeploymentPostprocessing = 0;
		};
/* End PBXSourcesBuildPhase section */

/* Begin PBXVariantGroup section */
		FBA86F241D61D0BE00B73C47 /* Main.storyboard */ = {
			isa = PBXVariantGroup;
			children = (
				FBA86F251D61D0BE00B73C47 /* Base */,
			);
			name = Main.storyboard;
			sourceTree = "<group>";
		};
		FBA86F2C1D61D0BE00B73C47 /* LaunchScreen.storyboard */ = {
			isa = PBXVariantGroup;
			children = (
				FBA86F2D1D61D0BE00B73C47 /* Base */,
			);
			name = LaunchScreen.storyboard;
			sourceTree = "<group>";
		};
/* End PBXVariantGroup section */

/* Begin XCBuildConfiguration section */
		FBA86F301D61D0BE00B73C47 /* Debug */ = {
			isa = XCBuildConfiguration;
			buildSettings = {
				ALWAYS_SEARCH_USER_PATHS = NO;
				CLANG_ANALYZER_NONNULL = YES;
				CLANG_CXX_LANGUAGE_STANDARD = "gnu++0x";
				CLANG_CXX_LIBRARY = "libc++";
				CLANG_ENABLE_MODULES = YES;
				CLANG_ENABLE_OBJC_ARC = YES;
				CLANG_WARN_BOOL_CONVERSION = YES;
				CLANG_WARN_CONSTANT_CONVERSION = YES;
				CLANG_WARN_DIRECT_OBJC_ISA_USAGE = YES_ERROR;
				CLANG_WARN_EMPTY_BODY = YES;
				CLANG_WARN_ENUM_CONVERSION = YES;
				CLANG_WARN_INT_CONVERSION = YES;
				CLANG_WARN_OBJC_ROOT_CLASS = YES_ERROR;
				CLANG_WARN_UNREACHABLE_CODE = YES;
				CLANG_WARN__DUPLICATE_METHOD_MATCH = YES;
				"CODE_SIGN_IDENTITY[sdk=iphoneos*]" = "iPhone Developer";
				COPY_PHASE_STRIP = NO;
				DEBUG_INFORMATION_FORMAT = dwarf;
				ENABLE_STRICT_OBJC_MSGSEND = YES;
				ENABLE_TESTABILITY = YES;
				GCC_C_LANGUAGE_STANDARD = gnu99;
				GCC_DYNAMIC_NO_PIC = NO;
				GCC_NO_COMMON_BLOCKS = YES;
				GCC_OPTIMIZATION_LEVEL = 0;
				GCC_PREPROCESSOR_DEFINITIONS = (
					"DEBUG=1",
					"$(inherited)",
				);
				GCC_WARN_64_TO_32_BIT_CONVERSION = YES;
				GCC_WARN_ABOUT_RETURN_TYPE = YES_ERROR;
				GCC_WARN_UNDECLARED_SELECTOR = YES;
				GCC_WARN_UNINITIALIZED_AUTOS = YES_AGGRESSIVE;
				GCC_WARN_UNUSED_FUNCTION = YES;
				GCC_WARN_UNUSED_VARIABLE = YES;
				IPHONEOS_DEPLOYMENT_TARGET = 9.3;
				MTL_ENABLE_DEBUG_INFO = YES;
				ONLY_ACTIVE_ARCH = YES;
				SDKROOT = iphoneos;
			};
			name = Debug;
		};
		FBA86F311D61D0BE00B73C47 /* Release */ = {
			isa = XCBuildConfiguration;
			buildSettings = {
				ALWAYS_SEARCH_USER_PATHS = NO;
				CLANG_ANALYZER_NONNULL = YES;
				CLANG_CXX_LANGUAGE_STANDARD = "gnu++0x";
				CLANG_CXX_LIBRARY = "libc++";
				CLANG_ENABLE_MODULES = YES;
				CLANG_ENABLE_OBJC_ARC = YES;
				CLANG_WARN_BOOL_CONVERSION = YES;
				CLANG_WARN_CONSTANT_CONVERSION = YES;
				CLANG_WARN_DIRECT_OBJC_ISA_USAGE = YES_ERROR;
				CLANG_WARN_EMPTY_BODY = YES;
				CLANG_WARN_ENUM_CONVERSION = YES;
				CLANG_WARN_INT_CONVERSION = YES;
				CLANG_WARN_OBJC_ROOT_CLASS = YES_ERROR;
				CLANG_WARN_UNREACHABLE_CODE = YES;
				CLANG_WARN__DUPLICATE_METHOD_MATCH = YES;
				"CODE_SIGN_IDENTITY[sdk=iphoneos*]" = "iPhone Developer";
				COPY_PHASE_STRIP = NO;
				DEBUG_INFORMATION_FORMAT = "dwarf-with-dsym";
				ENABLE_NS_ASSERTIONS = NO;
				ENABLE_STRICT_OBJC_MSGSEND = YES;
				GCC_C_LANGUAGE_STANDARD = gnu99;
				GCC_NO_COMMON_BLOCKS = YES;
				GCC_WARN_64_TO_32_BIT_CONVERSION = YES;
				GCC_WARN_ABOUT_RETURN_TYPE = YES_ERROR;
				GCC_WARN_UNDECLARED_SELECTOR = YES;
				GCC_WARN_UNINITIALIZED_AUTOS = YES_AGGRESSIVE;
				GCC_WARN_UNUSED_FUNCTION = YES;
				GCC_WARN_UNUSED_VARIABLE = YES;
				IPHONEOS_DEPLOYMENT_TARGET = 9.3;
				MTL_ENABLE_DEBUG_INFO = NO;
				SDKROOT = iphoneos;
				VALIDATE_PRODUCT = YES;
			};
			name = Release;
		};
		FBA86F331D61D0BE00B73C47 /* Debug */ = {
			isa = XCBuildConfiguration;
			buildSettings = {
				ASSETCATALOG_COMPILER_APPICON_NAME = AppIcon;
				INFOPLIST_FILE = "ToDo List/Info.plist";
				LD_RUNPATH_SEARCH_PATHS = "$(inherited) @executable_path/Frameworks";
				PRODUCT_BUNDLE_IDENTIFIER = "thepulseofweather.ToDo-List";
				PRODUCT_NAME = "$(TARGET_NAME)";
			};
			name = Debug;
		};
		FBA86F341D61D0BE00B73C47 /* Release */ = {
			isa = XCBuildConfiguration;
			buildSettings = {
				ASSETCATALOG_COMPILER_APPICON_NAME = AppIcon;
				INFOPLIST_FILE = "ToDo List/Info.plist";
				LD_RUNPATH_SEARCH_PATHS = "$(inherited) @executable_path/Frameworks";
				PRODUCT_BUNDLE_IDENTIFIER = "thepulseofweather.ToDo-List";
				PRODUCT_NAME = "$(TARGET_NAME)";
			};
			name = Release;
		};
/* End XCBuildConfiguration section */

/* Begin XCConfigurationList section */
		FBA86F131D61D0BE00B73C47 /* Build configuration list for PBXProject "ToDo List" */ = {
			isa = XCConfigurationList;
			buildConfigurations = (
				FBA86F301D61D0BE00B73C47 /* Debug */,
				FBA86F311D61D0BE00B73C47 /* Release */,
			);
			defaultConfigurationIsVisible = 0;
			defaultConfigurationName = Release;
		};
		FBA86F321D61D0BE00B73C47 /* Build configuration list for PBXNativeTarget "ToDo List" */ = {
			isa = XCConfigurationList;
			buildConfigurations = (
				FBA86F331D61D0BE00B73C47 /* Debug */,
				FBA86F341D61D0BE00B73C47 /* Release */,
			);
			defaultConfigurationIsVisible = 0;
		};
/* End XCConfigurationList section */

/* Begin XCVersionGroup section */
		FBA86F271D61D0BE00B73C47 /* ToDo_List.xcdatamodeld */ = {
			isa = XCVersionGroup;
			children = (
				FBA86F281D61D0BE00B73C47 /* ToDo_List.xcdatamodel */,
			);
			currentVersion = FBA86F281D61D0BE00B73C47 /* ToDo_List.xcdatamodel */;
			path = ToDo_List.xcdatamodeld;
			sourceTree = "<group>";
			versionGroupType = wrapper.xcdatamodel;
		};
/* End XCVersionGroup section */
	};
	rootObject = FBA86F101D61D0BE00B73C47 /* Project object */;
}
